
Microsoft Visual Studio Solution File, Format Version 12.00
# Visual Studio Version 17
VisualStudioVersion = 17.13.35828.75 d17.13
MinimumVisualStudioVersion = 10.0.40219.1
Project("{FAE04EC0-301F-11D3-BF4B-00C04F79EFBC}") = "SportEventCalendar", "SportEventCalendar\SportEventCalendar.csproj", "{87FFF99A-741F-4E52-9EF9-9966DF0E89B5}"
EndProject
Global
	GlobalSection(SolutionConfigurationPlatforms) = preSolution
		Debug|Any CPU = Debug|Any CPU
		Release|Any CPU = Release|Any CPU
	EndGlobalSection
	GlobalSection(ProjectConfigurationPlatforms) = postSolution
		{87FFF99A-741F-4E52-9EF9-9966DF0E89B5}.Debug|Any CPU.ActiveCfg = Debug|Any CPU
		{87FFF99A-741F-4E52-9EF9-9966DF0E89B5}.Debug|Any CPU.Build.0 = Debug|Any CPU
		{87FFF99A-741F-4E52-9EF9-9966DF0E89B5}.Release|Any CPU.ActiveCfg = Release|Any CPU
		{87FFF99A-741F-4E52-9EF9-9966DF0E89B5}.Release|Any CPU.Build.0 = Release|Any CPU
	EndGlobalSection
	GlobalSection(SolutionProperties) = preSolution
		HideSolutionNode = FALSE
	EndGlobalSection
	GlobalSection(ExtensibilityGlobals) = postSolution
		SolutionGuid = {4AE8C4C1-3D7D-42E1-813A-58CE3C5AF40D}
	EndGlobalSection
EndGlobal
